Microsoft Visual Studio Solution File, Format Version 12.00
# Visual Studio Version 17
VisualStudioVersion = 17.0.31717.71
MinimumVisualStudioVersion = 10.0.40219.1
Project("{9A19103F-16F7-4668-BE54-9A1E7A4F7556}") = "iSportsRecruiting.Server", "Server\iSportsRecruiting.Server.csproj", "{0CB4D2D3-C53D-40A4-8A96-67FCA44EB904}"
EndProject
Project("{9A19103F-16F7-4668-BE54-9A1E7A4F7556}") = "iSportsRecruiting.Client", "Client\iSportsRecruiting.Client.csproj", "{61E158D5-3388-4D4A-BC7C-191D2961E18F}"
EndProject
Project("{9A19103F-16F7-4668-BE54-9A1E7A4F7556}") = "iSportsRecruiting.Shared", "Shared\iSportsRecruiting.Shared.csproj", "{A208E942-F286-4603-BA8E-AF031A5548CE}"
EndProject
Global
	GlobalSection(SolutionConfigurationPlatforms) = preSolution
		Debug|Any CPU = Debug|Any CPU
		Release|Any CPU = Release|Any CPU
	EndGlobalSection
	GlobalSection(ProjectConfigurationPlatforms) = postSolution
		{0CB4D2D3-C53D-40A4-8A96-67FCA44EB904}.Debug|Any CPU.ActiveCfg = Debug|Any CPU
		{0CB4D2D3-C53D-40A4-8A96-67FCA44EB904}.Debug|Any CPU.Build.0 = Debug|Any CPU
		{0CB4D2D3-C53D-40A4-8A96-67FCA44EB904}.Release|Any CPU.ActiveCfg = Release|Any CPU
		{0CB4D2D3-C53D-40A4-8A96-67FCA44EB904}.Release|Any CPU.Build.0 = Release|Any CPU
		{61E158D5-3388-4D4A-BC7C-191D2961E18F}.Debug|Any CPU.ActiveCfg = Debug|Any CPU
		{61E158D5-3388-4D4A-BC7C-191D2961E18F}.Debug|Any CPU.Build.0 = Debug|Any CPU
		{61E158D5-3388-4D4A-BC7C-191D2961E18F}.Release|Any CPU.ActiveCfg = Release|Any CPU
		{61E158D5-3388-4D4A-BC7C-191D2961E18F}.Release|Any CPU.Build.0 = Release|Any CPU
		{A208E942-F286-4603-BA8E-AF031A5548CE}.Debug|Any CPU.ActiveCfg = Debug|Any CPU
		{A208E942-F286-4603-BA8E-AF031A5548CE}.Debug|Any CPU.Build.0 = Debug|Any CPU
		{A208E942-F286-4603-BA8E-AF031A5548CE}.Release|Any CPU.ActiveCfg = Release|Any CPU
		{A208E942-F286-4603-BA8E-AF031A5548CE}.Release|Any CPU.Build.0 = Release|Any CPU
	EndGlobalSection
	GlobalSection(SolutionProperties) = preSolution
		HideSolutionNode = FALSE
	EndGlobalSection
	GlobalSection(ExtensibilityGlobals) = postSolution
		SolutionGuid = {4181F33A-0C16-4C3F-98A4-46929090292C}
	EndGlobalSection
EndGlobal
